
Microsoft Visual Studio Solution File, Format Version 12.00
# Visual Studio Version 16
VisualStudioVersion = 16.0.30621.155
MinimumVisualStudioVersion = 10.0.40219.1
Project("{FAE04EC0-301F-11D3-BF4B-00C04F79EFBC}") = "Enum", "Enum\Enum.csproj", "{A86DD7F7-0CC2-44AB-BF74-CA4B084FB69D}"
EndProject
Global
	GlobalSection(SolutionConfigurationPlatforms) = preSolution
		Debug|Any CPU = Debug|Any CPU
		Release|Any CPU = Release|Any CPU
	EndGlobalSection
	GlobalSection(ProjectConfigurationPlatforms) = postSolution
		{A86DD7F7-0CC2-44AB-BF74-CA4B084FB69D}.Debug|Any CPU.ActiveCfg = Debug|Any CPU
		{A86DD7F7-0CC2-44AB-BF74-CA4B084FB69D}.Debug|Any CPU.Build.0 = Debug|Any CPU
		{A86DD7F7-0CC2-44AB-BF74-CA4B084FB69D}.Release|Any CPU.ActiveCfg = Release|Any CPU
		{A86DD7F7-0CC2-44AB-BF74-CA4B084FB69D}.Release|Any CPU.Build.0 = Release|Any CPU
	EndGlobalSection
	GlobalSection(SolutionProperties) = preSolution
		HideSolutionNode = FALSE
	EndGlobalSection
	GlobalSection(ExtensibilityGlobals) = postSolution
		SolutionGuid = {F5D0F160-232E-4241-96B5-3D2D4D7D2257}
	EndGlobalSection
EndGlobal
